// !$*UTF8*$!
{
	archiveVersion = 1;
	classes = {
	};
	objectVersion = 46;
	objects = {

/* Begin PBXBuildFile section */
		4EDDB5E32807EA3A00B353DF /* Ogg.framework in Frameworks */ = {isa = PBXBuildFile; fileRef = 4EDDB5CC2807EA3A00B353DF /* Ogg.framework */; };
		4EDDB5E42807EA3A00B353DF /* libopus.a in Frameworks */ = {isa = PBXBuildFile; fileRef = 4EDDB5D62807EA3A00B353DF /* libopus.a */; };
		4EDDB5E52807EA3A00B353DF /* opusfile.c in Sources */ = {isa = PBXBuildFile; fileRef = 4EDDB5D92807EA3A00B353DF /* opusfile.c */; };
		4EDDB5E62807EA3A00B353DF /* info.c in Sources */ = {isa = PBXBuildFile; fileRef = 4EDDB5DA2807EA3A00B353DF /* info.c */; };
		4EDDB5E72807EA3A00B353DF /* internal.c in Sources */ = {isa = PBXBuildFile; fileRef = 4EDDB5DE2807EA3A00B353DF /* internal.c */; };
		4EDDB5E82807EA3A00B353DF /* http.c in Sources */ = {isa = PBXBuildFile; fileRef = 4EDDB5DF2807EA3A00B353DF /* http.c */; };
		4EDDB5E92807EA3A00B353DF /* wincerts.c in Sources */ = {isa = PBXBuildFile; fileRef = 4EDDB5E02807EA3A00B353DF /* wincerts.c */; };
		4EDDB5EA2807EA3A00B353DF /* stream.c in Sources */ = {isa = PBXBuildFile; fileRef = 4EDDB5E12807EA3A00B353DF /* stream.c */; };
		4EDDB5EF2807EA4E00B353DF /* decoder.c in Sources */ = {isa = PBXBuildFile; fileRef = 4EDDB5EE2807EA4E00B353DF /* decoder.c */; };
		4EDDB5F22807EAE000B353DF /* decoder.c in Sources */ = {isa = PBXBuildFile; fileRef = 4EDDB5F02807EAE000B353DF /* decoder.c */; };
/* End PBXBuildFile section */

/* Begin PBXCopyFilesBuildPhase section */
		58B511D91A9E6C8500147676 /* CopyFiles */ = {
			isa = PBXCopyFilesBuildPhase;
			buildActionMask = 2147483647;
			dstPath = "include/$(PRODUCT_NAME)";
			dstSubfolderSpec = 16;
			files = (
			);
			runOnlyForDeploymentPostprocessing = 0;
		};
/* End PBXCopyFilesBuildPhase section */

/* Begin PBXFileReference section */
		134814201AA4EA6300B7C361 /* libOpusDecode.a */ = {isa = PBXFileReference; explicitFileType = archive.ar; includeInIndex = 0; path = libOpusDecode.a; sourceTree = BUILT_PRODUCTS_DIR; };
		4EDDB5CC2807EA3A00B353DF /* Ogg.framework */ = {isa = PBXFileReference; lastKnownFileType = wrapper.framework; path = Ogg.framework; sourceTree = "<group>"; };
		4EDDB5D02807EA3A00B353DF /* opus.h */ = {isa = PBXFileReference; fileEncoding = 4; lastKnownFileType = sourcecode.c.h; path = opus.h; sourceTree = "<group>"; };
		4EDDB5D12807EA3A00B353DF /* opus_multistream.h */ = {isa = PBXFileReference; fileEncoding = 4; lastKnownFileType = sourcecode.c.h; path = opus_multistream.h; sourceTree = "<group>"; };
		4EDDB5D22807EA3A00B353DF /* opus_types.h */ = {isa = PBXFileReference; fileEncoding = 4; lastKnownFileType = sourcecode.c.h; path = opus_types.h; sourceTree = "<group>"; };
		4EDDB5D32807EA3A00B353DF /* opus_defines.h */ = {isa = PBXFileReference; fileEncoding = 4; lastKnownFileType = sourcecode.c.h; path = opus_defines.h; sourceTree = "<group>"; };
		4EDDB5D42807EA3A00B353DF /* opus_projection.h */ = {isa = PBXFileReference; fileEncoding = 4; lastKnownFileType = sourcecode.c.h; path = opus_projection.h; sourceTree = "<group>"; };
		4EDDB5D62807EA3A00B353DF /* libopus.a */ = {isa = PBXFileReference; lastKnownFileType = archive.ar; path = libopus.a; sourceTree = "<group>"; };
		4EDDB5D82807EA3A00B353DF /* internal.h */ = {isa = PBXFileReference; fileEncoding = 4; lastKnownFileType = sourcecode.c.h; path = internal.h; sourceTree = "<group>"; };
		4EDDB5D92807EA3A00B353DF /* opusfile.c */ = {isa = PBXFileReference; fileEncoding = 4; lastKnownFileType = sourcecode.c.c; path = opusfile.c; sourceTree = "<group>"; };
		4EDDB5DA2807EA3A00B353DF /* info.c */ = {isa = PBXFileReference; fileEncoding = 4; lastKnownFileType = sourcecode.c.c; path = info.c; sourceTree = "<group>"; };
		4EDDB5DC2807EA3A00B353DF /* opusfile.h */ = {isa = PBXFileReference; fileEncoding = 4; lastKnownFileType = sourcecode.c.h; path = opusfile.h; sourceTree = "<group>"; };
		4EDDB5DD2807EA3A00B353DF /* winerrno.h */ = {isa = PBXFileReference; fileEncoding = 4; lastKnownFileType = sourcecode.c.h; path = winerrno.h; sourceTree = "<group>"; };
		4EDDB5DE2807EA3A00B353DF /* internal.c */ = {isa = PBXFileReference; fileEncoding = 4; lastKnownFileType = sourcecode.c.c; path = internal.c; sourceTree = "<group>"; };
		4EDDB5DF2807EA3A00B353DF /* http.c */ = {isa = PBXFileReference; fileEncoding = 4; lastKnownFileType = sourcecode.c.c; path = http.c; sourceTree = "<group>"; };
		4EDDB5E02807EA3A00B353DF /* wincerts.c */ = {isa = PBXFileReference; fileEncoding = 4; lastKnownFileType = sourcecode.c.c; path = wincerts.c; sourceTree = "<group>"; };
		4EDDB5E12807EA3A00B353DF /* stream.c */ = {isa = PBXFileReference; fileEncoding = 4; lastKnownFileType = sourcecode.c.c; path = stream.c; sourceTree = "<group>"; };
		4EDDB5ED2807EA4E00B353DF /* decoder.h */ = {isa = PBXFileReference; fileEncoding = 4; lastKnownFileType = sourcecode.c.h; path = decoder.h; sourceTree = "<group>"; };
		4EDDB5EE2807EA4E00B353DF /* decoder.c */ = {isa = PBXFileReference; fileEncoding = 4; lastKnownFileType = sourcecode.c.c; path = decoder.c; sourceTree = "<group>"; };
		4EDDB5F02807EAE000B353DF /* decoder.c */ = {isa = PBXFileReference; fileEncoding = 4; lastKnownFileType = sourcecode.c.c; path = decoder.c; sourceTree = "<group>"; };
		4EDDB5F12807EAE000B353DF /* decoder.h */ = {isa = PBXFileReference; fileEncoding = 4; lastKnownFileType = sourcecode.c.h; path = decoder.h; sourceTree = "<group>"; };
		B3E7B5881CC2AC0600A0062D /* OpusDecode.h */ = {isa = PBXFileReference; fileEncoding = 4; lastKnownFileType = sourcecode.c.h; path = OpusDecode.h; sourceTree = "<group>"; };
		B3E7B5891CC2AC0600A0062D /* OpusDecode.m */ = {isa = PBXFileReference; fileEncoding = 4; lastKnownFileType = sourcecode.c.objc; path = OpusDecode.m; sourceTree = "<group>"; };
/* End PBXFileReference section */

/* Begin PBXFrameworksBuildPhase section */
		58B511D81A9E6C8500147676 /* Frameworks */ = {
			isa = PBXFrameworksBuildPhase;
			buildActionMask = 2147483647;
			files = (
				4EDDB5E42807EA3A00B353DF /* libopus.a in Frameworks */,
				4EDDB5E32807EA3A00B353DF /* Ogg.framework in Frameworks */,
			);
			runOnlyForDeploymentPostprocessing = 0;
		};
/* End PBXFrameworksBuildPhase section */

/* Begin PBXGroup section */
		134814211AA4EA7D00B7C361 /* Products */ = {
			isa = PBXGroup;
			children = (
				134814201AA4EA6300B7C361 /* libOpusDecode.a */,
			);
			name = Products;
			sourceTree = "<group>";
		};
		4EDDB5CD2807EA3A00B353DF /* opus */ = {
			isa = PBXGroup;
			children = (
				4EDDB5CE2807EA3A00B353DF /* include */,
				4EDDB5D52807EA3A00B353DF /* lib */,
			);
			path = opus;
			sourceTree = "<group>";
		};
		4EDDB5CE2807EA3A00B353DF /* include */ = {
			isa = PBXGroup;
			children = (
				4EDDB5CF2807EA3A00B353DF /* opus */,
			);
			path = include;
			sourceTree = "<group>";
		};
		4EDDB5CF2807EA3A00B353DF /* opus */ = {
			isa = PBXGroup;
			children = (
				4EDDB5D02807EA3A00B353DF /* opus.h */,
				4EDDB5D12807EA3A00B353DF /* opus_multistream.h */,
				4EDDB5D22807EA3A00B353DF /* opus_types.h */,
				4EDDB5D32807EA3A00B353DF /* opus_defines.h */,
				4EDDB5D42807EA3A00B353DF /* opus_projection.h */,
			);
			path = opus;
			sourceTree = "<group>";
		};
		4EDDB5D52807EA3A00B353DF /* lib */ = {
			isa = PBXGroup;
			children = (
				4EDDB5D62807EA3A00B353DF /* libopus.a */,
			);
			path = lib;
			sourceTree = "<group>";
		};
		4EDDB5D72807EA3A00B353DF /* opusfile */ = {
			isa = PBXGroup;
			children = (
				4EDDB5EE2807EA4E00B353DF /* decoder.c */,
				4EDDB5ED2807EA4E00B353DF /* decoder.h */,
				4EDDB5D82807EA3A00B353DF /* internal.h */,
				4EDDB5D92807EA3A00B353DF /* opusfile.c */,
				4EDDB5DA2807EA3A00B353DF /* info.c */,
				4EDDB5DB2807EA3A00B353DF /* Include */,
				4EDDB5DD2807EA3A00B353DF /* winerrno.h */,
				4EDDB5DE2807EA3A00B353DF /* internal.c */,
				4EDDB5DF2807EA3A00B353DF /* http.c */,
				4EDDB5E02807EA3A00B353DF /* wincerts.c */,
				4EDDB5E12807EA3A00B353DF /* stream.c */,
			);
			path = opusfile;
			sourceTree = "<group>";
		};
		4EDDB5DB2807EA3A00B353DF /* Include */ = {
			isa = PBXGroup;
			children = (
				4EDDB5DC2807EA3A00B353DF /* opusfile.h */,
			);
			path = Include;
			sourceTree = "<group>";
		};
		58B511D21A9E6C8500147676 = {
			isa = PBXGroup;
			children = (
				4EDDB5CC2807EA3A00B353DF /* Ogg.framework */,
				4EDDB5CD2807EA3A00B353DF /* opus */,
				4EDDB5D72807EA3A00B353DF /* opusfile */,
				4EDDB5F02807EAE000B353DF /* decoder.c */,
				4EDDB5F12807EAE000B353DF /* decoder.h */,
				B3E7B5881CC2AC0600A0062D /* OpusDecode.h */,
				B3E7B5891CC2AC0600A0062D /* OpusDecode.m */,
				134814211AA4EA7D00B7C361 /* Products */,
			);
			sourceTree = "<group>";
		};
/* End PBXGroup section */

/* Begin PBXNativeTarget section */
		58B511DA1A9E6C8500147676 /* OpusDecode */ = {
			isa = PBXNativeTarget;
			buildConfigurationList = 58B511EF1A9E6C8500147676 /* Build configuration list for PBXNativeTarget "OpusDecode" */;
			buildPhases = (
				58B511D71A9E6C8500147676 /* Sources */,
				58B511D81A9E6C8500147676 /* Frameworks */,
				58B511D91A9E6C8500147676 /* CopyFiles */,
			);
			buildRules = (
			);
			dependencies = (
			);
			name = OpusDecode;
			productName = RCTDataManager;
			productReference = 134814201AA4EA6300B7C361 /* libOpusDecode.a */;
			productType = "com.apple.product-type.library.static";
		};
/* End PBXNativeTarget section */

/* Begin PBXProject section */
		58B511D31A9E6C8500147676 /* Project object */ = {
			isa = PBXProject;
			attributes = {
				LastUpgradeCheck = 0920;
				ORGANIZATIONNAME = Facebook;
				TargetAttributes = {
					58B511DA1A9E6C8500147676 = {
						CreatedOnToolsVersion = 6.1.1;
					};
				};
			};
			buildConfigurationList = 58B511D61A9E6C8500147676 /* Build configuration list for PBXProject "OpusDecode" */;
			compatibilityVersion = "Xcode 3.2";
			developmentRegion = English;
			hasScannedForEncodings = 0;
			knownRegions = (
				English,
				en,
			);
			mainGroup = 58B511D21A9E6C8500147676;
			productRefGroup = 58B511D21A9E6C8500147676;
			projectDirPath = "";
			projectRoot = "";
			targets = (
				58B511DA1A9E6C8500147676 /* OpusDecode */,
			);
		};
/* End PBXProject section */

/* Begin PBXSourcesBuildPhase section */
		58B511D71A9E6C8500147676 /* Sources */ = {
			isa = PBXSourcesBuildPhase;
			buildActionMask = 2147483647;
			files = (
				4EDDB5F22807EAE000B353DF /* decoder.c in Sources */,
				4EDDB5E52807EA3A00B353DF /* opusfile.c in Sources */,
				4EDDB5E62807EA3A00B353DF /* info.c in Sources */,
				4EDDB5E92807EA3A00B353DF /* wincerts.c in Sources */,
				4EDDB5EF2807EA4E00B353DF /* decoder.c in Sources */,
				4EDDB5E72807EA3A00B353DF /* internal.c in Sources */,
				4EDDB5E82807EA3A00B353DF /* http.c in Sources */,
				4EDDB5EA2807EA3A00B353DF /* stream.c in Sources */,
			);
			runOnlyForDeploymentPostprocessing = 0;
		};
/* End PBXSourcesBuildPhase section */

/* Begin XCBuildConfiguration section */
		58B511ED1A9E6C8500147676 /* Debug */ = {
			isa = XCBuildConfiguration;
			buildSettings = {
				ALWAYS_SEARCH_USER_PATHS = NO;
				CLANG_CXX_LANGUAGE_STANDARD = "gnu++0x";
				CLANG_CXX_LIBRARY = "libc++";
				CLANG_ENABLE_MODULES = YES;
				CLANG_ENABLE_OBJC_ARC = YES;
				CLANG_WARN_BLOCK_CAPTURE_AUTORELEASING = YES;
				CLANG_WARN_BOOL_CONVERSION = YES;
				CLANG_WARN_COMMA = YES;
				CLANG_WARN_CONSTANT_CONVERSION = YES;
				CLANG_WARN_DIRECT_OBJC_ISA_USAGE = YES_ERROR;
				CLANG_WARN_EMPTY_BODY = YES;
				CLANG_WARN_ENUM_CONVERSION = YES;
				CLANG_WARN_INFINITE_RECURSION = YES;
				CLANG_WARN_INT_CONVERSION = YES;
				CLANG_WARN_NON_LITERAL_NULL_CONVERSION = YES;
				CLANG_WARN_OBJC_LITERAL_CONVERSION = YES;
				CLANG_WARN_OBJC_ROOT_CLASS = YES_ERROR;
				CLANG_WARN_RANGE_LOOP_ANALYSIS = YES;
				CLANG_WARN_STRICT_PROTOTYPES = YES;
				CLANG_WARN_SUSPICIOUS_MOVE = YES;
				CLANG_WARN_UNREACHABLE_CODE = YES;
				CLANG_WARN__DUPLICATE_METHOD_MATCH = YES;
				COPY_PHASE_STRIP = NO;
				ENABLE_STRICT_OBJC_MSGSEND = YES;
				ENABLE_TESTABILITY = YES;
				GCC_C_LANGUAGE_STANDARD = gnu99;
				GCC_DYNAMIC_NO_PIC = NO;
				GCC_NO_COMMON_BLOCKS = YES;
				GCC_OPTIMIZATION_LEVEL = 0;
				GCC_PREPROCESSOR_DEFINITIONS = (
					"DEBUG=1",
					"$(inherited)",
				);
				GCC_SYMBOLS_PRIVATE_EXTERN = NO;
				GCC_WARN_64_TO_32_BIT_CONVERSION = YES;
				GCC_WARN_ABOUT_RETURN_TYPE = YES_ERROR;
				GCC_WARN_UNDECLARED_SELECTOR = YES;
				GCC_WARN_UNINITIALIZED_AUTOS = YES_AGGRESSIVE;
				GCC_WARN_UNUSED_FUNCTION = YES;
				GCC_WARN_UNUSED_VARIABLE = YES;
				IPHONEOS_DEPLOYMENT_TARGET = 9.0;
				MTL_ENABLE_DEBUG_INFO = YES;
				ONLY_ACTIVE_ARCH = YES;
				SDKROOT = iphoneos;
			};
			name = Debug;
		};
		58B511EE1A9E6C8500147676 /* Release */ = {
			isa = XCBuildConfiguration;
			buildSettings = {
				ALWAYS_SEARCH_USER_PATHS = NO;
				CLANG_CXX_LANGUAGE_STANDARD = "gnu++0x";
				CLANG_CXX_LIBRARY = "libc++";
				CLANG_ENABLE_MODULES = YES;
				CLANG_ENABLE_OBJC_ARC = YES;
				CLANG_WARN_BLOCK_CAPTURE_AUTORELEASING = YES;
				CLANG_WARN_BOOL_CONVERSION = YES;
				CLANG_WARN_COMMA = YES;
				CLANG_WARN_CONSTANT_CONVERSION = YES;
				CLANG_WARN_DIRECT_OBJC_ISA_USAGE = YES_ERROR;
				CLANG_WARN_EMPTY_BODY = YES;
				CLANG_WARN_ENUM_CONVERSION = YES;
				CLANG_WARN_INFINITE_RECURSION = YES;
				CLANG_WARN_INT_CONVERSION = YES;
				CLANG_WARN_NON_LITERAL_NULL_CONVERSION = YES;
				CLANG_WARN_OBJC_LITERAL_CONVERSION = YES;
				CLANG_WARN_OBJC_ROOT_CLASS = YES_ERROR;
				CLANG_WARN_RANGE_LOOP_ANALYSIS = YES;
				CLANG_WARN_STRICT_PROTOTYPES = YES;
				CLANG_WARN_SUSPICIOUS_MOVE = YES;
				CLANG_WARN_UNREACHABLE_CODE = YES;
				CLANG_WARN__DUPLICATE_METHOD_MATCH = YES;
				COPY_PHASE_STRIP = YES;
				ENABLE_NS_ASSERTIONS = NO;
				ENABLE_STRICT_OBJC_MSGSEND = YES;
				GCC_C_LANGUAGE_STANDARD = gnu99;
				GCC_NO_COMMON_BLOCKS = YES;
				GCC_WARN_64_TO_32_BIT_CONVERSION = YES;
				GCC_WARN_ABOUT_RETURN_TYPE = YES_ERROR;
				GCC_WARN_UNDECLARED_SELECTOR = YES;
				GCC_WARN_UNINITIALIZED_AUTOS = YES_AGGRESSIVE;
				GCC_WARN_UNUSED_FUNCTION = YES;
				GCC_WARN_UNUSED_VARIABLE = YES;
				IPHONEOS_DEPLOYMENT_TARGET = 9.0;
				MTL_ENABLE_DEBUG_INFO = NO;
				SDKROOT = iphoneos;
				VALIDATE_PRODUCT = YES;
			};
			name = Release;
		};
		58B511F01A9E6C8500147676 /* Debug */ = {
			isa = XCBuildConfiguration;
			buildSettings = {
				FRAMEWORK_SEARCH_PATHS = (
					"$(inherited)",
					"$(PROJECT_DIR)",
				);
				HEADER_SEARCH_PATHS = (
					"$(inherited)",
					/Applications/Xcode.app/Contents/Developer/Toolchains/XcodeDefault.xctoolchain/usr/include,
					"$(SRCROOT)/../../../React/**",
					"$(SRCROOT)/../../react-native/React/**",
				);
				LIBRARY_SEARCH_PATHS = (
					"$(inherited)",
					"$(PROJECT_DIR)/opus/lib",
				);
				OTHER_LDFLAGS = "-ObjC";
				PRODUCT_NAME = OpusDecode;
				SKIP_INSTALL = YES;
			};
			name = Debug;
		};
		58B511F11A9E6C8500147676 /* Release */ = {
			isa = XCBuildConfiguration;
			buildSettings = {
				FRAMEWORK_SEARCH_PATHS = (
					"$(inherited)",
					"$(PROJECT_DIR)",
				);
				HEADER_SEARCH_PATHS = (
					"$(inherited)",
					/Applications/Xcode.app/Contents/Developer/Toolchains/XcodeDefault.xctoolchain/usr/include,
					"$(SRCROOT)/../../../React/**",
					"$(SRCROOT)/../../react-native/React/**",
				);
				LIBRARY_SEARCH_PATHS = (
					"$(inherited)",
					"$(PROJECT_DIR)/opus/lib",
				);
				OTHER_LDFLAGS = "-ObjC";
				PRODUCT_NAME = OpusDecode;
				SKIP_INSTALL = YES;
			};
			name = Release;
		};
/* End XCBuildConfiguration section */

/* Begin XCConfigurationList section */
		58B511D61A9E6C8500147676 /* Build configuration list for PBXProject "OpusDecode" */ = {
			isa = XCConfigurationList;
			buildConfigurations = (
				58B511ED1A9E6C8500147676 /* Debug */,
				58B511EE1A9E6C8500147676 /* Release */,
			);
			defaultConfigurationIsVisible = 0;
			defaultConfigurationName = Release;
		};
		58B511EF1A9E6C8500147676 /* Build configuration list for PBXNativeTarget "OpusDecode" */ = {
			isa = XCConfigurationList;
			buildConfigurations = (
				58B511F01A9E6C8500147676 /* Debug */,
				58B511F11A9E6C8500147676 /* Release */,
			);
			defaultConfigurationIsVisible = 0;
			defaultConfigurationName = Release;
		};
/* End XCConfigurationList section */
	};
	rootObject = 58B511D31A9E6C8500147676 /* Project object */;
}
